
Microsoft Visual Studio Solution File, Format Version 12.00
# Visual Studio Version 16
VisualStudioVersion = 16.0.31729.503
MinimumVisualStudioVersion = 10.0.40219.1
Project("{FAE04EC0-301F-11D3-BF4B-00C04F79EFBC}") = "Interfaces", "Interfaces.csproj", "{5E491172-9EF4-41BD-83A3-D2065A4E4077}"
EndProject
Project("{FAE04EC0-301F-11D3-BF4B-00C04F79EFBC}") = "IEnumerableEdd", "..\IEnumerableEdd\IEnumerableEdd.csproj", "{00063E24-E8DE-4A3F-A044-1996C3EFA68D}"
EndProject
Project("{FAE04EC0-301F-11D3-BF4B-00C04F79EFBC}") = "IEnumEdd", "..\IEnumEdd\IEnumEdd.csproj", "{22EB04C0-DED2-4E79-9A9F-ED5F858DE614}"
EndProject
Project("{FAE04EC0-301F-11D3-BF4B-00C04F79EFBC}") = "ICloneable", "..\ICloneable\ICloneable.csproj", "{202C52BE-6554-4EB3-894F-315345F209FC}"
EndProject
Project("{FAE04EC0-301F-11D3-BF4B-00C04F79EFBC}") = "IComparableEdd", "..\IComparableEdd\IComparableEdd.csproj", "{3573B816-A48B-4937-BCB3-FA1784796C7C}"
EndProject
Project("{FAE04EC0-301F-11D3-BF4B-00C04F79EFBC}") = "CallBackEdd", "..\CallBackEdd\CallBackEdd.csproj", "{59813DE7-4D5C-482C-960A-CCDAC16C77C3}"
EndProject
Project("{FAE04EC0-301F-11D3-BF4B-00C04F79EFBC}") = "DelegadosEdd", "..\DelegadosEdd\DelegadosEdd.csproj", "{179937DD-CE6B-4CE7-86EB-5B8CA43D735D}"
EndProject
Project("{FAE04EC0-301F-11D3-BF4B-00C04F79EFBC}") = "DelegadosRefriEdd", "..\DelegadosRefriEdd\DelegadosRefriEdd.csproj", "{45F1CED0-0B25-4479-80B0-9DA068166EB6}"
EndProject
Project("{FAE04EC0-301F-11D3-BF4B-00C04F79EFBC}") = "DelegadosMulEdd", "..\DelegadosMulEdd\DelegadosMulEdd.csproj", "{34F4A49B-86A7-45F1-824E-6C81CCDC2C71}"
EndProject
Project("{FAE04EC0-301F-11D3-BF4B-00C04F79EFBC}") = "IndexerEdd", "..\IndexerEdd\IndexerEdd.csproj", "{FEACA9D7-5A29-4514-BC06-B0A8B42227ED}"
EndProject
Project("{FAE04EC0-301F-11D3-BF4B-00C04F79EFBC}") = "SobrecargaBinariaEdd", "..\SobrecargaBinariaEdd\SobrecargaBinariaEdd.csproj", "{472AD7A6-5327-4074-BA4D-F8F3084D1190}"
EndProject
Project("{FAE04EC0-301F-11D3-BF4B-00C04F79EFBC}") = "SobrecargaUnuarioEdd", "..\SobrecargaUnuarioEdd\SobrecargaUnuarioEdd.csproj", "{AF2536D8-E57D-4F98-9F90-F06412D9AE2D}"
EndProject
Project("{FAE04EC0-301F-11D3-BF4B-00C04F79EFBC}") = "SerializacionEdd", "..\SerializacionEdd\SerializacionEdd.csproj", "{5D2D5E40-BCC1-4227-8829-B53A547CE73E}"
EndProject
Project("{FAE04EC0-301F-11D3-BF4B-00C04F79EFBC}") = "SerializacionSoXmEdd", "..\SerializacionSoXmEdd\SerializacionSoXmEdd.csproj", "{C70AB70C-E26F-43DD-B250-1772E1E1BABB}"
EndProject
Project("{FAE04EC0-301F-11D3-BF4B-00C04F79EFBC}") = "SerializacionXMLEdd", "..\SerializacionXMLEdd\SerializacionXMLEdd.csproj", "{A84F6456-884B-487D-A13F-65CD378A2D14}"
EndProject
Project("{FAE04EC0-301F-11D3-BF4B-00C04F79EFBC}") = "SerializacionComposicionEdd", "..\SerializacionComposicionEdd\SerializacionComposicionEdd.csproj", "{C46F27BB-C1EC-44F0-AC31-73721562EA00}"
EndProject
Project("{FAE04EC0-301F-11D3-BF4B-00C04F79EFBC}") = "SerializacionCompXmlEdd", "..\SerializacionCompXmlEdd\SerializacionCompXmlEdd.csproj", "{C848EE92-759A-43A8-9B37-B52EA0A9246C}"
EndProject
Project("{FAE04EC0-301F-11D3-BF4B-00C04F79EFBC}") = "ArchivosEdd", "..\ArchivosEdd\ArchivosEdd.csproj", "{B1739DAB-4763-4254-B799-B409E30955F7}"
EndProject
Project("{FAE04EC0-301F-11D3-BF4B-00C04F79EFBC}") = "StreamEdd", "..\StreamEdd\StreamEdd.csproj", "{4CC050DF-721E-40A4-B24B-58638BEAEC63}"
EndProject
Global
	GlobalSection(SolutionConfigurationPlatforms) = preSolution
		Debug|Any CPU = Debug|Any CPU
		Release|Any CPU = Release|Any CPU
	EndGlobalSection
	GlobalSection(ProjectConfigurationPlatforms) = postSolution
		{5E491172-9EF4-41BD-83A3-D2065A4E4077}.Debug|Any CPU.ActiveCfg = Debug|Any CPU
		{5E491172-9EF4-41BD-83A3-D2065A4E4077}.Debug|Any CPU.Build.0 = Debug|Any CPU
		{5E491172-9EF4-41BD-83A3-D2065A4E4077}.Release|Any CPU.ActiveCfg = Release|Any CPU
		{5E491172-9EF4-41BD-83A3-D2065A4E4077}.Release|Any CPU.Build.0 = Release|Any CPU
		{00063E24-E8DE-4A3F-A044-1996C3EFA68D}.Debug|Any CPU.ActiveCfg = Debug|Any CPU
		{00063E24-E8DE-4A3F-A044-1996C3EFA68D}.Debug|Any CPU.Build.0 = Debug|Any CPU
		{00063E24-E8DE-4A3F-A044-1996C3EFA68D}.Release|Any CPU.ActiveCfg = Release|Any CPU
		{00063E24-E8DE-4A3F-A044-1996C3EFA68D}.Release|Any CPU.Build.0 = Release|Any CPU
		{22EB04C0-DED2-4E79-9A9F-ED5F858DE614}.Debug|Any CPU.ActiveCfg = Debug|Any CPU
		{22EB04C0-DED2-4E79-9A9F-ED5F858DE614}.Debug|Any CPU.Build.0 = Debug|Any CPU
		{22EB04C0-DED2-4E79-9A9F-ED5F858DE614}.Release|Any CPU.ActiveCfg = Release|Any CPU
		{22EB04C0-DED2-4E79-9A9F-ED5F858DE614}.Release|Any CPU.Build.0 = Release|Any CPU
		{202C52BE-6554-4EB3-894F-315345F209FC}.Debug|Any CPU.ActiveCfg = Debug|Any CPU
		{202C52BE-6554-4EB3-894F-315345F209FC}.Debug|Any CPU.Build.0 = Debug|Any CPU
		{202C52BE-6554-4EB3-894F-315345F209FC}.Release|Any CPU.ActiveCfg = Release|Any CPU
		{202C52BE-6554-4EB3-894F-315345F209FC}.Release|Any CPU.Build.0 = Release|Any CPU
		{3573B816-A48B-4937-BCB3-FA1784796C7C}.Debug|Any CPU.ActiveCfg = Debug|Any CPU
		{3573B816-A48B-4937-BCB3-FA1784796C7C}.Debug|Any CPU.Build.0 = Debug|Any CPU
		{3573B816-A48B-4937-BCB3-FA1784796C7C}.Release|Any CPU.ActiveCfg = Release|Any CPU
		{3573B816-A48B-4937-BCB3-FA1784796C7C}.Release|Any CPU.Build.0 = Release|Any CPU
		{59813DE7-4D5C-482C-960A-CCDAC16C77C3}.Debug|Any CPU.ActiveCfg = Debug|Any CPU
		{59813DE7-4D5C-482C-960A-CCDAC16C77C3}.Debug|Any CPU.Build.0 = Debug|Any CPU
		{59813DE7-4D5C-482C-960A-CCDAC16C77C3}.Release|Any CPU.ActiveCfg = Release|Any CPU
		{59813DE7-4D5C-482C-960A-CCDAC16C77C3}.Release|Any CPU.Build.0 = Release|Any CPU
		{179937DD-CE6B-4CE7-86EB-5B8CA43D735D}.Debug|Any CPU.ActiveCfg = Debug|Any CPU
		{179937DD-CE6B-4CE7-86EB-5B8CA43D735D}.Debug|Any CPU.Build.0 = Debug|Any CPU
		{179937DD-CE6B-4CE7-86EB-5B8CA43D735D}.Release|Any CPU.ActiveCfg = Release|Any CPU
		{179937DD-CE6B-4CE7-86EB-5B8CA43D735D}.Release|Any CPU.Build.0 = Release|Any CPU
		{45F1CED0-0B25-4479-80B0-9DA068166EB6}.Debug|Any CPU.ActiveCfg = Debug|Any CPU
		{45F1CED0-0B25-4479-80B0-9DA068166EB6}.Debug|Any CPU.Build.0 = Debug|Any CPU
		{45F1CED0-0B25-4479-80B0-9DA068166EB6}.Release|Any CPU.ActiveCfg = Release|Any CPU
		{45F1CED0-0B25-4479-80B0-9DA068166EB6}.Release|Any CPU.Build.0 = Release|Any CPU
		{34F4A49B-86A7-45F1-824E-6C81CCDC2C71}.Debug|Any CPU.ActiveCfg = Debug|Any CPU
		{34F4A49B-86A7-45F1-824E-6C81CCDC2C71}.Debug|Any CPU.Build.0 = Debug|Any CPU
		{34F4A49B-86A7-45F1-824E-6C81CCDC2C71}.Release|Any CPU.ActiveCfg = Release|Any CPU
		{34F4A49B-86A7-45F1-824E-6C81CCDC2C71}.Release|Any CPU.Build.0 = Release|Any CPU
		{FEACA9D7-5A29-4514-BC06-B0A8B42227ED}.Debug|Any CPU.ActiveCfg = Debug|Any CPU
		{FEACA9D7-5A29-4514-BC06-B0A8B42227ED}.Debug|Any CPU.Build.0 = Debug|Any CPU
		{FEACA9D7-5A29-4514-BC06-B0A8B42227ED}.Release|Any CPU.ActiveCfg = Release|Any CPU
		{FEACA9D7-5A29-4514-BC06-B0A8B42227ED}.Release|Any CPU.Build.0 = Release|Any CPU
		{472AD7A6-5327-4074-BA4D-F8F3084D1190}.Debug|Any CPU.ActiveCfg = Debug|Any CPU
		{472AD7A6-5327-4074-BA4D-F8F3084D1190}.Debug|Any CPU.Build.0 = Debug|Any CPU
		{472AD7A6-5327-4074-BA4D-F8F3084D1190}.Release|Any CPU.ActiveCfg = Release|Any CPU
		{472AD7A6-5327-4074-BA4D-F8F3084D1190}.Release|Any CPU.Build.0 = Release|Any CPU
		{AF2536D8-E57D-4F98-9F90-F06412D9AE2D}.Debug|Any CPU.ActiveCfg = Debug|Any CPU
		{AF2536D8-E57D-4F98-9F90-F06412D9AE2D}.Debug|Any CPU.Build.0 = Debug|Any CPU
		{AF2536D8-E57D-4F98-9F90-F06412D9AE2D}.Release|Any CPU.ActiveCfg = Release|Any CPU
		{AF2536D8-E57D-4F98-9F90-F06412D9AE2D}.Release|Any CPU.Build.0 = Release|Any CPU
		{5D2D5E40-BCC1-4227-8829-B53A547CE73E}.Debug|Any CPU.ActiveCfg = Debug|Any CPU
		{5D2D5E40-BCC1-4227-8829-B53A547CE73E}.Debug|Any CPU.Build.0 = Debug|Any CPU
		{5D2D5E40-BCC1-4227-8829-B53A547CE73E}.Release|Any CPU.ActiveCfg = Release|Any CPU
		{5D2D5E40-BCC1-4227-8829-B53A547CE73E}.Release|Any CPU.Build.0 = Release|Any CPU
		{C70AB70C-E26F-43DD-B250-1772E1E1BABB}.Debug|Any CPU.ActiveCfg = Debug|Any CPU
		{C70AB70C-E26F-43DD-B250-1772E1E1BABB}.Debug|Any CPU.Build.0 = Debug|Any CPU
		{C70AB70C-E26F-43DD-B250-1772E1E1BABB}.Release|Any CPU.ActiveCfg = Release|Any CPU
		{C70AB70C-E26F-43DD-B250-1772E1E1BABB}.Release|Any CPU.Build.0 = Release|Any CPU
		{A84F6456-884B-487D-A13F-65CD378A2D14}.Debug|Any CPU.ActiveCfg = Debug|Any CPU
		{A84F6456-884B-487D-A13F-65CD378A2D14}.Debug|Any CPU.Build.0 = Debug|Any CPU
		{A84F6456-884B-487D-A13F-65CD378A2D14}.Release|Any CPU.ActiveCfg = Release|Any CPU
		{A84F6456-884B-487D-A13F-65CD378A2D14}.Release|Any CPU.Build.0 = Release|Any CPU
		{C46F27BB-C1EC-44F0-AC31-73721562EA00}.Debug|Any CPU.ActiveCfg = Debug|Any CPU
		{C46F27BB-C1EC-44F0-AC31-73721562EA00}.Debug|Any CPU.Build.0 = Debug|Any CPU
		{C46F27BB-C1EC-44F0-AC31-73721562EA00}.Release|Any CPU.ActiveCfg = Release|Any CPU
		{C46F27BB-C1EC-44F0-AC31-73721562EA00}.Release|Any CPU.Build.0 = Release|Any CPU
		{C848EE92-759A-43A8-9B37-B52EA0A9246C}.Debug|Any CPU.ActiveCfg = Debug|Any CPU
		{C848EE92-759A-43A8-9B37-B52EA0A9246C}.Debug|Any CPU.Build.0 = Debug|Any CPU
		{C848EE92-759A-43A8-9B37-B52EA0A9246C}.Release|Any CPU.ActiveCfg = Release|Any CPU
		{C848EE92-759A-43A8-9B37-B52EA0A9246C}.Release|Any CPU.Build.0 = Release|Any CPU
		{B1739DAB-4763-4254-B799-B409E30955F7}.Debug|Any CPU.ActiveCfg = Debug|Any CPU
		{B1739DAB-4763-4254-B799-B409E30955F7}.Debug|Any CPU.Build.0 = Debug|Any CPU
		{B1739DAB-4763-4254-B799-B409E30955F7}.Release|Any CPU.ActiveCfg = Release|Any CPU
		{B1739DAB-4763-4254-B799-B409E30955F7}.Release|Any CPU.Build.0 = Release|Any CPU
		{4CC050DF-721E-40A4-B24B-58638BEAEC63}.Debug|Any CPU.ActiveCfg = Debug|Any CPU
		{4CC050DF-721E-40A4-B24B-58638BEAEC63}.Debug|Any CPU.Build.0 = Debug|Any CPU
		{4CC050DF-721E-40A4-B24B-58638BEAEC63}.Release|Any CPU.ActiveCfg = Release|Any CPU
		{4CC050DF-721E-40A4-B24B-58638BEAEC63}.Release|Any CPU.Build.0 = Release|Any CPU
	EndGlobalSection
	GlobalSection(SolutionProperties) = preSolution
		HideSolutionNode = FALSE
	EndGlobalSection
	GlobalSection(ExtensibilityGlobals) = postSolution
		SolutionGuid = {9B718896-F2D8-4AE4-A20E-DD1C1BE53C07}
	EndGlobalSection
EndGlobal
