
Microsoft Visual Studio Solution File, Format Version 12.00
# Visual Studio Version 16
VisualStudioVersion = 16.0.31729.503
MinimumVisualStudioVersion = 10.0.40219.1
Project("{9A19103F-16F7-4668-BE54-9A1E7A4F7556}") = "MisMates", "MisMates.csproj", "{C2BFC6E2-0C37-41AF-8D30-E374DBD10B53}"
EndProject
Project("{FAE04EC0-301F-11D3-BF4B-00C04F79EFBC}") = "BibliotecaEdd2", "..\BibliotecaEdd2\BibliotecaEdd2.csproj", "{C93ED742-D665-419D-9F77-2B7270B2664D}"
EndProject
Project("{FAE04EC0-301F-11D3-BF4B-00C04F79EFBC}") = "Mates2", "..\Mates2\Mates2.csproj", "{EB2E1D86-67B0-4902-A085-029DED8EF5A3}"
EndProject
Project("{FAE04EC0-301F-11D3-BF4B-00C04F79EFBC}") = "Mates", "..\Mates\Mates.csproj", "{BEA83D41-CAC8-4C34-863A-1E95DB8EC6EA}"
EndProject
Project("{FAE04EC0-301F-11D3-BF4B-00C04F79EFBC}") = "ExpresionesRegularesEdd", "..\ExpresionesRegularesEdd\ExpresionesRegularesEdd.csproj", "{A8E315A1-FFC5-4626-892A-D51A72F9B112}"
EndProject
Global
	GlobalSection(SolutionConfigurationPlatforms) = preSolution
		Debug|Any CPU = Debug|Any CPU
		Release|Any CPU = Release|Any CPU
	EndGlobalSection
	GlobalSection(ProjectConfigurationPlatforms) = postSolution
		{C2BFC6E2-0C37-41AF-8D30-E374DBD10B53}.Debug|Any CPU.ActiveCfg = Debug|Any CPU
		{C2BFC6E2-0C37-41AF-8D30-E374DBD10B53}.Debug|Any CPU.Build.0 = Debug|Any CPU
		{C2BFC6E2-0C37-41AF-8D30-E374DBD10B53}.Release|Any CPU.ActiveCfg = Release|Any CPU
		{C2BFC6E2-0C37-41AF-8D30-E374DBD10B53}.Release|Any CPU.Build.0 = Release|Any CPU
		{C93ED742-D665-419D-9F77-2B7270B2664D}.Debug|Any CPU.ActiveCfg = Debug|Any CPU
		{C93ED742-D665-419D-9F77-2B7270B2664D}.Debug|Any CPU.Build.0 = Debug|Any CPU
		{C93ED742-D665-419D-9F77-2B7270B2664D}.Release|Any CPU.ActiveCfg = Release|Any CPU
		{C93ED742-D665-419D-9F77-2B7270B2664D}.Release|Any CPU.Build.0 = Release|Any CPU
		{EB2E1D86-67B0-4902-A085-029DED8EF5A3}.Debug|Any CPU.ActiveCfg = Debug|Any CPU
		{EB2E1D86-67B0-4902-A085-029DED8EF5A3}.Debug|Any CPU.Build.0 = Debug|Any CPU
		{EB2E1D86-67B0-4902-A085-029DED8EF5A3}.Release|Any CPU.ActiveCfg = Release|Any CPU
		{EB2E1D86-67B0-4902-A085-029DED8EF5A3}.Release|Any CPU.Build.0 = Release|Any CPU
		{BEA83D41-CAC8-4C34-863A-1E95DB8EC6EA}.Debug|Any CPU.ActiveCfg = Debug|Any CPU
		{BEA83D41-CAC8-4C34-863A-1E95DB8EC6EA}.Debug|Any CPU.Build.0 = Debug|Any CPU
		{BEA83D41-CAC8-4C34-863A-1E95DB8EC6EA}.Release|Any CPU.ActiveCfg = Release|Any CPU
		{BEA83D41-CAC8-4C34-863A-1E95DB8EC6EA}.Release|Any CPU.Build.0 = Release|Any CPU
		{A8E315A1-FFC5-4626-892A-D51A72F9B112}.Debug|Any CPU.ActiveCfg = Debug|Any CPU
		{A8E315A1-FFC5-4626-892A-D51A72F9B112}.Debug|Any CPU.Build.0 = Debug|Any CPU
		{A8E315A1-FFC5-4626-892A-D51A72F9B112}.Release|Any CPU.ActiveCfg = Release|Any CPU
		{A8E315A1-FFC5-4626-892A-D51A72F9B112}.Release|Any CPU.Build.0 = Release|Any CPU
	EndGlobalSection
	GlobalSection(SolutionProperties) = preSolution
		HideSolutionNode = FALSE
	EndGlobalSection
	GlobalSection(ExtensibilityGlobals) = postSolution
		SolutionGuid = {E7362DD5-E223-4BF6-AAAB-C5D3EC9592BF}
	EndGlobalSection
EndGlobal
