
Microsoft Visual Studio Solution File, Format Version 12.00
# Visual Studio Version 16
VisualStudioVersion = 16.0.31729.503
MinimumVisualStudioVersion = 10.0.40219.1
Project("{FAE04EC0-301F-11D3-BF4B-00C04F79EFBC}") = "WhileEdd", "WhileEdd.csproj", "{CD6DD224-97BD-4284-9287-4ADBEAF6414B}"
EndProject
Global
	GlobalSection(SolutionConfigurationPlatforms) = preSolution
		Debug|Any CPU = Debug|Any CPU
		Release|Any CPU = Release|Any CPU
	EndGlobalSection
	GlobalSection(ProjectConfigurationPlatforms) = postSolution
		{CD6DD224-97BD-4284-9287-4ADBEAF6414B}.Debug|Any CPU.ActiveCfg = Debug|Any CPU
		{CD6DD224-97BD-4284-9287-4ADBEAF6414B}.Debug|Any CPU.Build.0 = Debug|Any CPU
		{CD6DD224-97BD-4284-9287-4ADBEAF6414B}.Release|Any CPU.ActiveCfg = Release|Any CPU
		{CD6DD224-97BD-4284-9287-4ADBEAF6414B}.Release|Any CPU.Build.0 = Release|Any CPU
	EndGlobalSection
	GlobalSection(SolutionProperties) = preSolution
		HideSolutionNode = FALSE
	EndGlobalSection
	GlobalSection(ExtensibilityGlobals) = postSolution
		SolutionGuid = {EE3D4F35-C403-490E-98EC-C0BA9ADCBBAF}
	EndGlobalSection
EndGlobal
