
Microsoft Visual Studio Solution File, Format Version 12.00
# Visual Studio Version 16
VisualStudioVersion = 16.0.31729.503
MinimumVisualStudioVersion = 10.0.40219.1
Project("{9A19103F-16F7-4668-BE54-9A1E7A4F7556}") = "ListaCursos", "ListaCursos.csproj", "{01C03749-17A3-4E33-B9FA-9B3474ABD0D2}"
EndProject
Project("{FAE04EC0-301F-11D3-BF4B-00C04F79EFBC}") = "WebApiCursos", "..\WebApiCursos\WebApiCursos.csproj", "{23F4BAB1-6B51-4255-A674-C21A2303ADF7}"
EndProject
Global
	GlobalSection(SolutionConfigurationPlatforms) = preSolution
		Debug|Any CPU = Debug|Any CPU
		Release|Any CPU = Release|Any CPU
	EndGlobalSection
	GlobalSection(ProjectConfigurationPlatforms) = postSolution
		{01C03749-17A3-4E33-B9FA-9B3474ABD0D2}.Debug|Any CPU.ActiveCfg = Debug|Any CPU
		{01C03749-17A3-4E33-B9FA-9B3474ABD0D2}.Debug|Any CPU.Build.0 = Debug|Any CPU
		{01C03749-17A3-4E33-B9FA-9B3474ABD0D2}.Release|Any CPU.ActiveCfg = Release|Any CPU
		{01C03749-17A3-4E33-B9FA-9B3474ABD0D2}.Release|Any CPU.Build.0 = Release|Any CPU
		{23F4BAB1-6B51-4255-A674-C21A2303ADF7}.Debug|Any CPU.ActiveCfg = Debug|Any CPU
		{23F4BAB1-6B51-4255-A674-C21A2303ADF7}.Debug|Any CPU.Build.0 = Debug|Any CPU
		{23F4BAB1-6B51-4255-A674-C21A2303ADF7}.Release|Any CPU.ActiveCfg = Release|Any CPU
		{23F4BAB1-6B51-4255-A674-C21A2303ADF7}.Release|Any CPU.Build.0 = Release|Any CPU
	EndGlobalSection
	GlobalSection(SolutionProperties) = preSolution
		HideSolutionNode = FALSE
	EndGlobalSection
	GlobalSection(ExtensibilityGlobals) = postSolution
		SolutionGuid = {B3B2D91D-91A0-4598-B980-5AF60039F8AA}
	EndGlobalSection
EndGlobal
