
Microsoft Visual Studio Solution File, Format Version 12.00
# Visual Studio Version 16
VisualStudioVersion = 16.0.31729.503
MinimumVisualStudioVersion = 10.0.40219.1
Project("{FAE04EC0-301F-11D3-BF4B-00C04F79EFBC}") = "ArrayListEdd", "ArrayListEdd.csproj", "{05E4C08E-0805-4147-BCEF-6B42937144E2}"
EndProject
Project("{FAE04EC0-301F-11D3-BF4B-00C04F79EFBC}") = "BitArrayEdd", "..\BitArrayEdd\BitArrayEdd.csproj", "{2E5F105F-B869-41AC-87AA-026C76D562B5}"
EndProject
Project("{FAE04EC0-301F-11D3-BF4B-00C04F79EFBC}") = "HashTableEdd", "..\HashTableEdd\HashTableEdd.csproj", "{BDF050DF-A5CD-4855-8A53-6BF8671AB14A}"
EndProject
Project("{FAE04EC0-301F-11D3-BF4B-00C04F79EFBC}") = "QueueEdd", "..\QueueEdd\QueueEdd.csproj", "{311931D0-2E5F-473F-A916-D6EC66B4F771}"
EndProject
Project("{FAE04EC0-301F-11D3-BF4B-00C04F79EFBC}") = "SortedListEdd", "..\SortedListEdd\SortedListEdd.csproj", "{5C5DBB3A-C19B-4C0C-8669-80A6EAB12E13}"
EndProject
Project("{FAE04EC0-301F-11D3-BF4B-00C04F79EFBC}") = "StackEdd", "..\StackEdd\StackEdd.csproj", "{B304D051-FE0E-44B3-B70E-15EF21CE724C}"
EndProject
Project("{FAE04EC0-301F-11D3-BF4B-00C04F79EFBC}") = "ArrayListGenericEdd", "..\ArrayListGenericEdd\ArrayListGenericEdd.csproj", "{D695AA00-BD5A-4020-BA6C-9BFE52C5499A}"
EndProject
Project("{FAE04EC0-301F-11D3-BF4B-00C04F79EFBC}") = "ListEdd", "..\ListEdd\ListEdd.csproj", "{3E3C9417-4735-4959-B75D-384660F388D0}"
EndProject
Project("{FAE04EC0-301F-11D3-BF4B-00C04F79EFBC}") = "StackGenericEdd", "..\StackGenericEdd\StackGenericEdd.csproj", "{31FC2879-8D14-4EBE-819E-3102F671CA15}"
EndProject
Project("{FAE04EC0-301F-11D3-BF4B-00C04F79EFBC}") = "QueueGenericEdd", "..\QueueGenericEdd\QueueGenericEdd.csproj", "{7D6EC258-9C48-46F3-9922-A405825634F0}"
EndProject
Project("{FAE04EC0-301F-11D3-BF4B-00C04F79EFBC}") = "SortedSetEdd", "..\SortedSetEdd\SortedSetEdd.csproj", "{E5B77FFA-F9C4-45A7-B1FC-26DE328CC122}"
EndProject
Project("{FAE04EC0-301F-11D3-BF4B-00C04F79EFBC}") = "ObsevableEdd", "..\ObsevableEdd\ObsevableEdd.csproj", "{9747AA64-2EC0-4A3F-B297-739E0372B3D1}"
EndProject
Project("{FAE04EC0-301F-11D3-BF4B-00C04F79EFBC}") = "VarNulleableEdd", "..\VarNulleableEdd\VarNulleableEdd.csproj", "{F20EA5F4-7710-4661-821E-0655961D2CCE}"
EndProject
Project("{FAE04EC0-301F-11D3-BF4B-00C04F79EFBC}") = "DynamicEdd", "..\DynamicEdd\DynamicEdd.csproj", "{1BB83B07-7102-4103-ABD1-F6F15E29ADBB}"
EndProject
Project("{FAE04EC0-301F-11D3-BF4B-00C04F79EFBC}") = "MetodosGenericoEdd", "..\MetodosGenericoEDd\MetodosGenericoEdd.csproj", "{DDCCF95A-4596-416E-B92D-D4AB43127802}"
EndProject
Project("{FAE04EC0-301F-11D3-BF4B-00C04F79EFBC}") = "ClaseGenericaEdd", "..\ClaseGenericaEdd\ClaseGenericaEdd.csproj", "{3A65AB55-B4BD-4036-9A0B-61945606FB69}"
EndProject
Project("{FAE04EC0-301F-11D3-BF4B-00C04F79EFBC}") = "OperacionGenericaEdd", "..\OperacionGenericaEdd\OperacionGenericaEdd.csproj", "{6B8E46AE-4530-40DE-85D4-733A6CE5CE73}"
EndProject
Project("{FAE04EC0-301F-11D3-BF4B-00C04F79EFBC}") = "DelegadoGenericoEdd", "..\DelegadoGenericoEdd\DelegadoGenericoEdd.csproj", "{D4203FC3-72A2-4154-8375-D15FF090F957}"
EndProject
Project("{FAE04EC0-301F-11D3-BF4B-00C04F79EFBC}") = "Action_FuncEdd", "..\Action_FuncEdd\Action_FuncEdd.csproj", "{37E0C2A7-1CF3-4DDD-92C8-87D1679B8D0E}"
EndProject
Project("{FAE04EC0-301F-11D3-BF4B-00C04F79EFBC}") = "MetodosAnonimos", "..\MetodosAnonimos\MetodosAnonimos.csproj", "{28883A2D-0C65-4FD1-9D0C-1EBCB93D590F}"
EndProject
Project("{FAE04EC0-301F-11D3-BF4B-00C04F79EFBC}") = "PredicateEdd", "..\PredicateEdd\PredicateEdd.csproj", "{C0BD2B03-E178-4993-8EB6-0EC30478A009}"
EndProject
Project("{FAE04EC0-301F-11D3-BF4B-00C04F79EFBC}") = "LambdaEdd", "..\LambdaEdd\LambdaEdd.csproj", "{6ACFCC3B-744A-4F83-BE4E-1D3D644EC0B6}"
EndProject
Global
	GlobalSection(SolutionConfigurationPlatforms) = preSolution
		Debug|Any CPU = Debug|Any CPU
		Release|Any CPU = Release|Any CPU
	EndGlobalSection
	GlobalSection(ProjectConfigurationPlatforms) = postSolution
		{05E4C08E-0805-4147-BCEF-6B42937144E2}.Debug|Any CPU.ActiveCfg = Debug|Any CPU
		{05E4C08E-0805-4147-BCEF-6B42937144E2}.Debug|Any CPU.Build.0 = Debug|Any CPU
		{05E4C08E-0805-4147-BCEF-6B42937144E2}.Release|Any CPU.ActiveCfg = Release|Any CPU
		{05E4C08E-0805-4147-BCEF-6B42937144E2}.Release|Any CPU.Build.0 = Release|Any CPU
		{2E5F105F-B869-41AC-87AA-026C76D562B5}.Debug|Any CPU.ActiveCfg = Debug|Any CPU
		{2E5F105F-B869-41AC-87AA-026C76D562B5}.Debug|Any CPU.Build.0 = Debug|Any CPU
		{2E5F105F-B869-41AC-87AA-026C76D562B5}.Release|Any CPU.ActiveCfg = Release|Any CPU
		{2E5F105F-B869-41AC-87AA-026C76D562B5}.Release|Any CPU.Build.0 = Release|Any CPU
		{BDF050DF-A5CD-4855-8A53-6BF8671AB14A}.Debug|Any CPU.ActiveCfg = Debug|Any CPU
		{BDF050DF-A5CD-4855-8A53-6BF8671AB14A}.Debug|Any CPU.Build.0 = Debug|Any CPU
		{BDF050DF-A5CD-4855-8A53-6BF8671AB14A}.Release|Any CPU.ActiveCfg = Release|Any CPU
		{BDF050DF-A5CD-4855-8A53-6BF8671AB14A}.Release|Any CPU.Build.0 = Release|Any CPU
		{311931D0-2E5F-473F-A916-D6EC66B4F771}.Debug|Any CPU.ActiveCfg = Debug|Any CPU
		{311931D0-2E5F-473F-A916-D6EC66B4F771}.Debug|Any CPU.Build.0 = Debug|Any CPU
		{311931D0-2E5F-473F-A916-D6EC66B4F771}.Release|Any CPU.ActiveCfg = Release|Any CPU
		{311931D0-2E5F-473F-A916-D6EC66B4F771}.Release|Any CPU.Build.0 = Release|Any CPU
		{5C5DBB3A-C19B-4C0C-8669-80A6EAB12E13}.Debug|Any CPU.ActiveCfg = Debug|Any CPU
		{5C5DBB3A-C19B-4C0C-8669-80A6EAB12E13}.Debug|Any CPU.Build.0 = Debug|Any CPU
		{5C5DBB3A-C19B-4C0C-8669-80A6EAB12E13}.Release|Any CPU.ActiveCfg = Release|Any CPU
		{5C5DBB3A-C19B-4C0C-8669-80A6EAB12E13}.Release|Any CPU.Build.0 = Release|Any CPU
		{B304D051-FE0E-44B3-B70E-15EF21CE724C}.Debug|Any CPU.ActiveCfg = Debug|Any CPU
		{B304D051-FE0E-44B3-B70E-15EF21CE724C}.Debug|Any CPU.Build.0 = Debug|Any CPU
		{B304D051-FE0E-44B3-B70E-15EF21CE724C}.Release|Any CPU.ActiveCfg = Release|Any CPU
		{B304D051-FE0E-44B3-B70E-15EF21CE724C}.Release|Any CPU.Build.0 = Release|Any CPU
		{D695AA00-BD5A-4020-BA6C-9BFE52C5499A}.Debug|Any CPU.ActiveCfg = Debug|Any CPU
		{D695AA00-BD5A-4020-BA6C-9BFE52C5499A}.Debug|Any CPU.Build.0 = Debug|Any CPU
		{D695AA00-BD5A-4020-BA6C-9BFE52C5499A}.Release|Any CPU.ActiveCfg = Release|Any CPU
		{D695AA00-BD5A-4020-BA6C-9BFE52C5499A}.Release|Any CPU.Build.0 = Release|Any CPU
		{3E3C9417-4735-4959-B75D-384660F388D0}.Debug|Any CPU.ActiveCfg = Debug|Any CPU
		{3E3C9417-4735-4959-B75D-384660F388D0}.Debug|Any CPU.Build.0 = Debug|Any CPU
		{3E3C9417-4735-4959-B75D-384660F388D0}.Release|Any CPU.ActiveCfg = Release|Any CPU
		{3E3C9417-4735-4959-B75D-384660F388D0}.Release|Any CPU.Build.0 = Release|Any CPU
		{31FC2879-8D14-4EBE-819E-3102F671CA15}.Debug|Any CPU.ActiveCfg = Debug|Any CPU
		{31FC2879-8D14-4EBE-819E-3102F671CA15}.Debug|Any CPU.Build.0 = Debug|Any CPU
		{31FC2879-8D14-4EBE-819E-3102F671CA15}.Release|Any CPU.ActiveCfg = Release|Any CPU
		{31FC2879-8D14-4EBE-819E-3102F671CA15}.Release|Any CPU.Build.0 = Release|Any CPU
		{7D6EC258-9C48-46F3-9922-A405825634F0}.Debug|Any CPU.ActiveCfg = Debug|Any CPU
		{7D6EC258-9C48-46F3-9922-A405825634F0}.Debug|Any CPU.Build.0 = Debug|Any CPU
		{7D6EC258-9C48-46F3-9922-A405825634F0}.Release|Any CPU.ActiveCfg = Release|Any CPU
		{7D6EC258-9C48-46F3-9922-A405825634F0}.Release|Any CPU.Build.0 = Release|Any CPU
		{E5B77FFA-F9C4-45A7-B1FC-26DE328CC122}.Debug|Any CPU.ActiveCfg = Debug|Any CPU
		{E5B77FFA-F9C4-45A7-B1FC-26DE328CC122}.Debug|Any CPU.Build.0 = Debug|Any CPU
		{E5B77FFA-F9C4-45A7-B1FC-26DE328CC122}.Release|Any CPU.ActiveCfg = Release|Any CPU
		{E5B77FFA-F9C4-45A7-B1FC-26DE328CC122}.Release|Any CPU.Build.0 = Release|Any CPU
		{9747AA64-2EC0-4A3F-B297-739E0372B3D1}.Debug|Any CPU.ActiveCfg = Debug|Any CPU
		{9747AA64-2EC0-4A3F-B297-739E0372B3D1}.Debug|Any CPU.Build.0 = Debug|Any CPU
		{9747AA64-2EC0-4A3F-B297-739E0372B3D1}.Release|Any CPU.ActiveCfg = Release|Any CPU
		{9747AA64-2EC0-4A3F-B297-739E0372B3D1}.Release|Any CPU.Build.0 = Release|Any CPU
		{F20EA5F4-7710-4661-821E-0655961D2CCE}.Debug|Any CPU.ActiveCfg = Debug|Any CPU
		{F20EA5F4-7710-4661-821E-0655961D2CCE}.Debug|Any CPU.Build.0 = Debug|Any CPU
		{F20EA5F4-7710-4661-821E-0655961D2CCE}.Release|Any CPU.ActiveCfg = Release|Any CPU
		{F20EA5F4-7710-4661-821E-0655961D2CCE}.Release|Any CPU.Build.0 = Release|Any CPU
		{1BB83B07-7102-4103-ABD1-F6F15E29ADBB}.Debug|Any CPU.ActiveCfg = Debug|Any CPU
		{1BB83B07-7102-4103-ABD1-F6F15E29ADBB}.Debug|Any CPU.Build.0 = Debug|Any CPU
		{1BB83B07-7102-4103-ABD1-F6F15E29ADBB}.Release|Any CPU.ActiveCfg = Release|Any CPU
		{1BB83B07-7102-4103-ABD1-F6F15E29ADBB}.Release|Any CPU.Build.0 = Release|Any CPU
		{DDCCF95A-4596-416E-B92D-D4AB43127802}.Debug|Any CPU.ActiveCfg = Debug|Any CPU
		{DDCCF95A-4596-416E-B92D-D4AB43127802}.Debug|Any CPU.Build.0 = Debug|Any CPU
		{DDCCF95A-4596-416E-B92D-D4AB43127802}.Release|Any CPU.ActiveCfg = Release|Any CPU
		{DDCCF95A-4596-416E-B92D-D4AB43127802}.Release|Any CPU.Build.0 = Release|Any CPU
		{3A65AB55-B4BD-4036-9A0B-61945606FB69}.Debug|Any CPU.ActiveCfg = Debug|Any CPU
		{3A65AB55-B4BD-4036-9A0B-61945606FB69}.Debug|Any CPU.Build.0 = Debug|Any CPU
		{3A65AB55-B4BD-4036-9A0B-61945606FB69}.Release|Any CPU.ActiveCfg = Release|Any CPU
		{3A65AB55-B4BD-4036-9A0B-61945606FB69}.Release|Any CPU.Build.0 = Release|Any CPU
		{6B8E46AE-4530-40DE-85D4-733A6CE5CE73}.Debug|Any CPU.ActiveCfg = Debug|Any CPU
		{6B8E46AE-4530-40DE-85D4-733A6CE5CE73}.Debug|Any CPU.Build.0 = Debug|Any CPU
		{6B8E46AE-4530-40DE-85D4-733A6CE5CE73}.Release|Any CPU.ActiveCfg = Release|Any CPU
		{6B8E46AE-4530-40DE-85D4-733A6CE5CE73}.Release|Any CPU.Build.0 = Release|Any CPU
		{D4203FC3-72A2-4154-8375-D15FF090F957}.Debug|Any CPU.ActiveCfg = Debug|Any CPU
		{D4203FC3-72A2-4154-8375-D15FF090F957}.Debug|Any CPU.Build.0 = Debug|Any CPU
		{D4203FC3-72A2-4154-8375-D15FF090F957}.Release|Any CPU.ActiveCfg = Release|Any CPU
		{D4203FC3-72A2-4154-8375-D15FF090F957}.Release|Any CPU.Build.0 = Release|Any CPU
		{37E0C2A7-1CF3-4DDD-92C8-87D1679B8D0E}.Debug|Any CPU.ActiveCfg = Debug|Any CPU
		{37E0C2A7-1CF3-4DDD-92C8-87D1679B8D0E}.Debug|Any CPU.Build.0 = Debug|Any CPU
		{37E0C2A7-1CF3-4DDD-92C8-87D1679B8D0E}.Release|Any CPU.ActiveCfg = Release|Any CPU
		{37E0C2A7-1CF3-4DDD-92C8-87D1679B8D0E}.Release|Any CPU.Build.0 = Release|Any CPU
		{28883A2D-0C65-4FD1-9D0C-1EBCB93D590F}.Debug|Any CPU.ActiveCfg = Debug|Any CPU
		{28883A2D-0C65-4FD1-9D0C-1EBCB93D590F}.Debug|Any CPU.Build.0 = Debug|Any CPU
		{28883A2D-0C65-4FD1-9D0C-1EBCB93D590F}.Release|Any CPU.ActiveCfg = Release|Any CPU
		{28883A2D-0C65-4FD1-9D0C-1EBCB93D590F}.Release|Any CPU.Build.0 = Release|Any CPU
		{C0BD2B03-E178-4993-8EB6-0EC30478A009}.Debug|Any CPU.ActiveCfg = Debug|Any CPU
		{C0BD2B03-E178-4993-8EB6-0EC30478A009}.Debug|Any CPU.Build.0 = Debug|Any CPU
		{C0BD2B03-E178-4993-8EB6-0EC30478A009}.Release|Any CPU.ActiveCfg = Release|Any CPU
		{C0BD2B03-E178-4993-8EB6-0EC30478A009}.Release|Any CPU.Build.0 = Release|Any CPU
		{6ACFCC3B-744A-4F83-BE4E-1D3D644EC0B6}.Debug|Any CPU.ActiveCfg = Debug|Any CPU
		{6ACFCC3B-744A-4F83-BE4E-1D3D644EC0B6}.Debug|Any CPU.Build.0 = Debug|Any CPU
		{6ACFCC3B-744A-4F83-BE4E-1D3D644EC0B6}.Release|Any CPU.ActiveCfg = Release|Any CPU
		{6ACFCC3B-744A-4F83-BE4E-1D3D644EC0B6}.Release|Any CPU.Build.0 = Release|Any CPU
	EndGlobalSection
	GlobalSection(SolutionProperties) = preSolution
		HideSolutionNode = FALSE
	EndGlobalSection
	GlobalSection(ExtensibilityGlobals) = postSolution
		SolutionGuid = {C1B872C6-2F28-481E-B729-1C097143836D}
	EndGlobalSection
EndGlobal
