
Microsoft Visual Studio Solution File, Format Version 12.00
# Visual Studio Version 16
VisualStudioVersion = 16.0.31729.503
MinimumVisualStudioVersion = 10.0.40219.1
Project("{FAE04EC0-301F-11D3-BF4B-00C04F79EFBC}") = "ArrayListEdd", "ArrayListEdd.csproj", "{05E4C08E-0805-4147-BCEF-6B42937144E2}"
EndProject
Project("{FAE04EC0-301F-11D3-BF4B-00C04F79EFBC}") = "BitArrayEdd", "..\BitArrayEdd\BitArrayEdd.csproj", "{2E5F105F-B869-41AC-87AA-026C76D562B5}"
EndProject
Project("{FAE04EC0-301F-11D3-BF4B-00C04F79EFBC}") = "HashTableEdd", "..\HashTableEdd\HashTableEdd.csproj", "{BDF050DF-A5CD-4855-8A53-6BF8671AB14A}"
EndProject
Project("{FAE04EC0-301F-11D3-BF4B-00C04F79EFBC}") = "QueueEdd", "..\QueueEdd\QueueEdd.csproj", "{311931D0-2E5F-473F-A916-D6EC66B4F771}"
EndProject
Project("{FAE04EC0-301F-11D3-BF4B-00C04F79EFBC}") = "SortedListEdd", "..\SortedListEdd\SortedListEdd.csproj", "{5C5DBB3A-C19B-4C0C-8669-80A6EAB12E13}"
EndProject
Project("{FAE04EC0-301F-11D3-BF4B-00C04F79EFBC}") = "StackEdd", "..\StackEdd\StackEdd.csproj", "{B304D051-FE0E-44B3-B70E-15EF21CE724C}"
EndProject
Project("{FAE04EC0-301F-11D3-BF4B-00C04F79EFBC}") = "ArrayListGenericEdd", "..\ArrayListGenericEdd\ArrayListGenericEdd.csproj", "{D695AA00-BD5A-4020-BA6C-9BFE52C5499A}"
EndProject
Project("{FAE04EC0-301F-11D3-BF4B-00C04F79EFBC}") = "ListEdd", "..\ListEdd\ListEdd.csproj", "{3E3C9417-4735-4959-B75D-384660F388D0}"
EndProject
Project("{FAE04EC0-301F-11D3-BF4B-00C04F79EFBC}") = "StackGenericEdd", "..\StackGenericEdd\StackGenericEdd.csproj", "{31FC2879-8D14-4EBE-819E-3102F671CA15}"
EndProject
Project("{FAE04EC0-301F-11D3-BF4B-00C04F79EFBC}") = "QueueGenericEdd", "..\QueueGenericEdd\QueueGenericEdd.csproj", "{7D6EC258-9C48-46F3-9922-A405825634F0}"
EndProject
Project("{FAE04EC0-301F-11D3-BF4B-00C04F79EFBC}") = "SortedSetEdd", "..\SortedSetEdd\SortedSetEdd.csproj", "{E5B77FFA-F9C4-45A7-B1FC-26DE328CC122}"
EndProject
Project("{FAE04EC0-301F-11D3-BF4B-00C04F79EFBC}") = "ObsevableEdd", "..\ObsevableEdd\ObsevableEdd.csproj", "{9747AA64-2EC0-4A3F-B297-739E0372B3D1}"
EndProject
Project("{FAE04EC0-301F-11D3-BF4B-00C04F79EFBC}") = "VarNulleableEdd", "..\VarNulleableEdd\VarNulleableEdd.csproj", "{F20EA5F4-7710-4661-821E-0655961D2CCE}"
EndProject
Project("{FAE04EC0-301F-11D3-BF4B-00C04F79EFBC}") = "DynamicEdd", "..\DynamicEdd\DynamicEdd.csproj", "{1BB83B07-7102-4103-ABD1-F6F15E29ADBB}"
EndProject
Project("{FAE04EC0-301F-11D3-BF4B-00C04F79EFBC}") = "MetodosGenericoEdd", "..\MetodosGenericoEDd\MetodosGenericoEdd.csproj", "{DDCCF95A-4596-416E-B92D-D4AB43127802}"
EndProject
Project("{FAE04EC0-301F-11D3-BF4B-00C04F79EFBC}") = "ClaseGenericaEdd", "..\ClaseGenericaEdd\ClaseGenericaEdd.csproj", "{3A65AB55-B4BD-4036-9A0B-61945606FB69}"
EndProject
Project("{FAE04EC0-301F-11D3-BF4B-00C04F79EFBC}") = "OperacionGenericaEdd", "..\OperacionGenericaEdd\OperacionGenericaEdd.csproj", "{6B8E46AE-4530-40DE-85D4-733A6CE5CE73}"
EndProject
Project("{FAE04EC0-301F-11D3-BF4B-00C04F79EFBC}") = "DelegadoGenericoEdd", "..\DelegadoGenericoEdd\DelegadoGenericoEdd.csproj", "{D4203FC3-72A2-4154-8375-D15FF090F957}"
EndProject
Project("{FAE04EC0-301F-11D3-BF4B-00C04F79EFBC}") = "Action_FuncEdd", "..\Action_FuncEdd\Action_FuncEdd.csproj", "{37E0C2A7-1CF3-4DDD-92C8-87D1679B8D0E}"
EndProject
Project("{FAE04EC0-301F-11D3-BF4B-00C04F79EFBC}") = "MetodosAnonimos", "..\MetodosAnonimos\MetodosAnonimos.csproj", "{28883A2D-0C65-4FD1-9D0C-1EBCB93D590F}"
EndProject
Project("{FAE04EC0-301F-11D3-BF4B-00C04F79EFBC}") = "PredicateEdd", "..\PredicateEdd\PredicateEdd.csproj", "{C0BD2B03-E178-4993-8EB6-0EC30478A009}"
EndProject
Project("{FAE04EC0-301F-11D3-BF4B-00C04F79EFBC}") = "LambdaEdd", "..\LambdaEdd\LambdaEdd.csproj", "{6ACFCC3B-744A-4F83-BE4E-1D3D644EC0B6}"
EndProject
Project("{FAE04EC0-301F-11D3-BF4B-00C04F79EFBC}") = "ConversionExplicitaEdd", "..\ConversionExplicitaEdd\ConversionExplicitaEdd.csproj", "{5FC64A9E-E0ED-4B7D-95CA-E7518482F85F}"
EndProject
Project("{FAE04EC0-301F-11D3-BF4B-00C04F79EFBC}") = "ConversionImplicitaEdd", "..\ConversionImplicitaEdd\ConversionImplicitaEdd.csproj", "{8084E2F0-294F-4B46-89E6-BCAB4C9EA8E9}"
EndProject
Project("{FAE04EC0-301F-11D3-BF4B-00C04F79EFBC}") = "TiposAnonimosEdd", "..\TiposAnonimosEdd\TiposAnonimosEdd.csproj", "{500DA8AD-5B27-4503-BBB6-1B72A45F2E69}"
EndProject
Project("{FAE04EC0-301F-11D3-BF4B-00C04F79EFBC}") = "MetodoExtension", "..\MetodoExtension\MetodoExtension.csproj", "{3E77772D-99A1-44EB-A26B-D019AD728FA4}"
EndProject
Project("{FAE04EC0-301F-11D3-BF4B-00C04F79EFBC}") = "Apuntadores", "..\Apuntadores\Apuntadores.csproj", "{C7AFE634-A7B2-4A07-BDB3-EBBF575BC0B5}"
EndProject
Project("{FAE04EC0-301F-11D3-BF4B-00C04F79EFBC}") = "ObjetoInterfaceEdd", "..\ObjetoInterfaceEdd\ObjetoInterfaceEdd.csproj", "{770AB511-9868-4FE0-BE99-2F16A97AE77B}"
EndProject
Project("{FAE04EC0-301F-11D3-BF4B-00C04F79EFBC}") = "InterfacesMetodosEdd", "..\InterfacesMetodosEdd\InterfacesMetodosEdd.csproj", "{0530AC64-7615-453D-B93F-E38A1C395AC5}"
EndProject
Project("{FAE04EC0-301F-11D3-BF4B-00C04F79EFBC}") = "InterfacesMetodosEdd02", "..\InterfacesMetodosEdd02\InterfacesMetodosEdd02.csproj", "{C2295E5A-0E30-4078-85D7-BF4324259C42}"
EndProject
Project("{FAE04EC0-301F-11D3-BF4B-00C04F79EFBC}") = "MetodosInterfaces03Edd", "..\MetodosInterfaces03Edd\MetodosInterfaces03Edd.csproj", "{833BD27B-6308-4E76-B6D7-61B5060D5246}"
EndProject
Project("{FAE04EC0-301F-11D3-BF4B-00C04F79EFBC}") = "ExcepcionesEdd", "..\ExcepcionesEdd\ExcepcionesEdd.csproj", "{2A641A70-3FEA-47D0-8485-FBD8A9B6860A}"
EndProject
Project("{FAE04EC0-301F-11D3-BF4B-00C04F79EFBC}") = "ExceptionAplicationEdd", "..\ExceptionAplicationEdd\ExceptionAplicationEdd.csproj", "{859563DF-9885-4D0F-BBD7-E681CEBBB32A}"
EndProject
Project("{FAE04EC0-301F-11D3-BF4B-00C04F79EFBC}") = "ObjectLifeEdd", "..\ObjectLifeEdd\ObjectLifeEdd.csproj", "{AAC5D5D9-48E1-43C7-BFB6-EECB89F6C765}"
EndProject
Project("{FAE04EC0-301F-11D3-BF4B-00C04F79EFBC}") = "ObjectDisposable", "..\ObjectDisposable\ObjectDisposable.csproj", "{FAED0C5E-D49C-45F3-968A-16D903192178}"
EndProject
Project("{FAE04EC0-301F-11D3-BF4B-00C04F79EFBC}") = "FinalizableDisposable", "..\FinalizableDisposable\FinalizableDisposable.csproj", "{DCB3B5C8-32EC-46AF-841D-44666D212B09}"
EndProject
Project("{FAE04EC0-301F-11D3-BF4B-00C04F79EFBC}") = "NamespaceEdd", "..\NamespaceEdd\NamespaceEdd.csproj", "{55FE0851-752A-45D2-AB47-C903FA91F92B}"
EndProject
Project("{FAE04EC0-301F-11D3-BF4B-00C04F79EFBC}") = "AritmeticaEdd", "..\AritmeticaEdd\AritmeticaEdd.csproj", "{E4E22FFB-F998-4072-B01D-25DB33334BE6}"
EndProject
Project("{FAE04EC0-301F-11D3-BF4B-00C04F79EFBC}") = "NamespaceBaseEdd", "..\NamespaceBaseEdd\NamespaceBaseEdd.csproj", "{B1498F16-4F6A-4568-B2C4-0FC16459B299}"
EndProject
Project("{FAE04EC0-301F-11D3-BF4B-00C04F79EFBC}") = "SystemConfigurationEdd", "..\SystemConfigurationEdd\SystemConfigurationEdd.csproj", "{F471311C-9BE7-4B8D-8202-4F8275CD3D89}"
EndProject
Project("{FAE04EC0-301F-11D3-BF4B-00C04F79EFBC}") = "ReflectionEdd", "..\ReflectionEdd\ReflectionEdd.csproj", "{68566356-7BC4-4CF2-988F-DCAF45E8EA25}"
EndProject
Project("{FAE04EC0-301F-11D3-BF4B-00C04F79EFBC}") = "Reflection02Edd", "..\Reflection02Edd\Reflection02Edd.csproj", "{39C9C773-91CB-40B4-AA35-98876E16A157}"
EndProject
Project("{FAE04EC0-301F-11D3-BF4B-00C04F79EFBC}") = "Reflection03Edd", "..\Reflection03Edd\Reflection03Edd.csproj", "{4CAAC81F-9B2E-4466-9432-0A624418BC82}"
EndProject
Global
	GlobalSection(SolutionConfigurationPlatforms) = preSolution
		Debug|Any CPU = Debug|Any CPU
		Release|Any CPU = Release|Any CPU
	EndGlobalSection
	GlobalSection(ProjectConfigurationPlatforms) = postSolution
		{05E4C08E-0805-4147-BCEF-6B42937144E2}.Debug|Any CPU.ActiveCfg = Debug|Any CPU
		{05E4C08E-0805-4147-BCEF-6B42937144E2}.Debug|Any CPU.Build.0 = Debug|Any CPU
		{05E4C08E-0805-4147-BCEF-6B42937144E2}.Release|Any CPU.ActiveCfg = Release|Any CPU
		{05E4C08E-0805-4147-BCEF-6B42937144E2}.Release|Any CPU.Build.0 = Release|Any CPU
		{2E5F105F-B869-41AC-87AA-026C76D562B5}.Debug|Any CPU.ActiveCfg = Debug|Any CPU
		{2E5F105F-B869-41AC-87AA-026C76D562B5}.Debug|Any CPU.Build.0 = Debug|Any CPU
		{2E5F105F-B869-41AC-87AA-026C76D562B5}.Release|Any CPU.ActiveCfg = Release|Any CPU
		{2E5F105F-B869-41AC-87AA-026C76D562B5}.Release|Any CPU.Build.0 = Release|Any CPU
		{BDF050DF-A5CD-4855-8A53-6BF8671AB14A}.Debug|Any CPU.ActiveCfg = Debug|Any CPU
		{BDF050DF-A5CD-4855-8A53-6BF8671AB14A}.Debug|Any CPU.Build.0 = Debug|Any CPU
		{BDF050DF-A5CD-4855-8A53-6BF8671AB14A}.Release|Any CPU.ActiveCfg = Release|Any CPU
		{BDF050DF-A5CD-4855-8A53-6BF8671AB14A}.Release|Any CPU.Build.0 = Release|Any CPU
		{311931D0-2E5F-473F-A916-D6EC66B4F771}.Debug|Any CPU.ActiveCfg = Debug|Any CPU
		{311931D0-2E5F-473F-A916-D6EC66B4F771}.Debug|Any CPU.Build.0 = Debug|Any CPU
		{311931D0-2E5F-473F-A916-D6EC66B4F771}.Release|Any CPU.ActiveCfg = Release|Any CPU
		{311931D0-2E5F-473F-A916-D6EC66B4F771}.Release|Any CPU.Build.0 = Release|Any CPU
		{5C5DBB3A-C19B-4C0C-8669-80A6EAB12E13}.Debug|Any CPU.ActiveCfg = Debug|Any CPU
		{5C5DBB3A-C19B-4C0C-8669-80A6EAB12E13}.Debug|Any CPU.Build.0 = Debug|Any CPU
		{5C5DBB3A-C19B-4C0C-8669-80A6EAB12E13}.Release|Any CPU.ActiveCfg = Release|Any CPU
		{5C5DBB3A-C19B-4C0C-8669-80A6EAB12E13}.Release|Any CPU.Build.0 = Release|Any CPU
		{B304D051-FE0E-44B3-B70E-15EF21CE724C}.Debug|Any CPU.ActiveCfg = Debug|Any CPU
		{B304D051-FE0E-44B3-B70E-15EF21CE724C}.Debug|Any CPU.Build.0 = Debug|Any CPU
		{B304D051-FE0E-44B3-B70E-15EF21CE724C}.Release|Any CPU.ActiveCfg = Release|Any CPU
		{B304D051-FE0E-44B3-B70E-15EF21CE724C}.Release|Any CPU.Build.0 = Release|Any CPU
		{D695AA00-BD5A-4020-BA6C-9BFE52C5499A}.Debug|Any CPU.ActiveCfg = Debug|Any CPU
		{D695AA00-BD5A-4020-BA6C-9BFE52C5499A}.Debug|Any CPU.Build.0 = Debug|Any CPU
		{D695AA00-BD5A-4020-BA6C-9BFE52C5499A}.Release|Any CPU.ActiveCfg = Release|Any CPU
		{D695AA00-BD5A-4020-BA6C-9BFE52C5499A}.Release|Any CPU.Build.0 = Release|Any CPU
		{3E3C9417-4735-4959-B75D-384660F388D0}.Debug|Any CPU.ActiveCfg = Debug|Any CPU
		{3E3C9417-4735-4959-B75D-384660F388D0}.Debug|Any CPU.Build.0 = Debug|Any CPU
		{3E3C9417-4735-4959-B75D-384660F388D0}.Release|Any CPU.ActiveCfg = Release|Any CPU
		{3E3C9417-4735-4959-B75D-384660F388D0}.Release|Any CPU.Build.0 = Release|Any CPU
		{31FC2879-8D14-4EBE-819E-3102F671CA15}.Debug|Any CPU.ActiveCfg = Debug|Any CPU
		{31FC2879-8D14-4EBE-819E-3102F671CA15}.Debug|Any CPU.Build.0 = Debug|Any CPU
		{31FC2879-8D14-4EBE-819E-3102F671CA15}.Release|Any CPU.ActiveCfg = Release|Any CPU
		{31FC2879-8D14-4EBE-819E-3102F671CA15}.Release|Any CPU.Build.0 = Release|Any CPU
		{7D6EC258-9C48-46F3-9922-A405825634F0}.Debug|Any CPU.ActiveCfg = Debug|Any CPU
		{7D6EC258-9C48-46F3-9922-A405825634F0}.Debug|Any CPU.Build.0 = Debug|Any CPU
		{7D6EC258-9C48-46F3-9922-A405825634F0}.Release|Any CPU.ActiveCfg = Release|Any CPU
		{7D6EC258-9C48-46F3-9922-A405825634F0}.Release|Any CPU.Build.0 = Release|Any CPU
		{E5B77FFA-F9C4-45A7-B1FC-26DE328CC122}.Debug|Any CPU.ActiveCfg = Debug|Any CPU
		{E5B77FFA-F9C4-45A7-B1FC-26DE328CC122}.Debug|Any CPU.Build.0 = Debug|Any CPU
		{E5B77FFA-F9C4-45A7-B1FC-26DE328CC122}.Release|Any CPU.ActiveCfg = Release|Any CPU
		{E5B77FFA-F9C4-45A7-B1FC-26DE328CC122}.Release|Any CPU.Build.0 = Release|Any CPU
		{9747AA64-2EC0-4A3F-B297-739E0372B3D1}.Debug|Any CPU.ActiveCfg = Debug|Any CPU
		{9747AA64-2EC0-4A3F-B297-739E0372B3D1}.Debug|Any CPU.Build.0 = Debug|Any CPU
		{9747AA64-2EC0-4A3F-B297-739E0372B3D1}.Release|Any CPU.ActiveCfg = Release|Any CPU
		{9747AA64-2EC0-4A3F-B297-739E0372B3D1}.Release|Any CPU.Build.0 = Release|Any CPU
		{F20EA5F4-7710-4661-821E-0655961D2CCE}.Debug|Any CPU.ActiveCfg = Debug|Any CPU
		{F20EA5F4-7710-4661-821E-0655961D2CCE}.Debug|Any CPU.Build.0 = Debug|Any CPU
		{F20EA5F4-7710-4661-821E-0655961D2CCE}.Release|Any CPU.ActiveCfg = Release|Any CPU
		{F20EA5F4-7710-4661-821E-0655961D2CCE}.Release|Any CPU.Build.0 = Release|Any CPU
		{1BB83B07-7102-4103-ABD1-F6F15E29ADBB}.Debug|Any CPU.ActiveCfg = Debug|Any CPU
		{1BB83B07-7102-4103-ABD1-F6F15E29ADBB}.Debug|Any CPU.Build.0 = Debug|Any CPU
		{1BB83B07-7102-4103-ABD1-F6F15E29ADBB}.Release|Any CPU.ActiveCfg = Release|Any CPU
		{1BB83B07-7102-4103-ABD1-F6F15E29ADBB}.Release|Any CPU.Build.0 = Release|Any CPU
		{DDCCF95A-4596-416E-B92D-D4AB43127802}.Debug|Any CPU.ActiveCfg = Debug|Any CPU
		{DDCCF95A-4596-416E-B92D-D4AB43127802}.Debug|Any CPU.Build.0 = Debug|Any CPU
		{DDCCF95A-4596-416E-B92D-D4AB43127802}.Release|Any CPU.ActiveCfg = Release|Any CPU
		{DDCCF95A-4596-416E-B92D-D4AB43127802}.Release|Any CPU.Build.0 = Release|Any CPU
		{3A65AB55-B4BD-4036-9A0B-61945606FB69}.Debug|Any CPU.ActiveCfg = Debug|Any CPU
		{3A65AB55-B4BD-4036-9A0B-61945606FB69}.Debug|Any CPU.Build.0 = Debug|Any CPU
		{3A65AB55-B4BD-4036-9A0B-61945606FB69}.Release|Any CPU.ActiveCfg = Release|Any CPU
		{3A65AB55-B4BD-4036-9A0B-61945606FB69}.Release|Any CPU.Build.0 = Release|Any CPU
		{6B8E46AE-4530-40DE-85D4-733A6CE5CE73}.Debug|Any CPU.ActiveCfg = Debug|Any CPU
		{6B8E46AE-4530-40DE-85D4-733A6CE5CE73}.Debug|Any CPU.Build.0 = Debug|Any CPU
		{6B8E46AE-4530-40DE-85D4-733A6CE5CE73}.Release|Any CPU.ActiveCfg = Release|Any CPU
		{6B8E46AE-4530-40DE-85D4-733A6CE5CE73}.Release|Any CPU.Build.0 = Release|Any CPU
		{D4203FC3-72A2-4154-8375-D15FF090F957}.Debug|Any CPU.ActiveCfg = Debug|Any CPU
		{D4203FC3-72A2-4154-8375-D15FF090F957}.Debug|Any CPU.Build.0 = Debug|Any CPU
		{D4203FC3-72A2-4154-8375-D15FF090F957}.Release|Any CPU.ActiveCfg = Release|Any CPU
		{D4203FC3-72A2-4154-8375-D15FF090F957}.Release|Any CPU.Build.0 = Release|Any CPU
		{37E0C2A7-1CF3-4DDD-92C8-87D1679B8D0E}.Debug|Any CPU.ActiveCfg = Debug|Any CPU
		{37E0C2A7-1CF3-4DDD-92C8-87D1679B8D0E}.Debug|Any CPU.Build.0 = Debug|Any CPU
		{37E0C2A7-1CF3-4DDD-92C8-87D1679B8D0E}.Release|Any CPU.ActiveCfg = Release|Any CPU
		{37E0C2A7-1CF3-4DDD-92C8-87D1679B8D0E}.Release|Any CPU.Build.0 = Release|Any CPU
		{28883A2D-0C65-4FD1-9D0C-1EBCB93D590F}.Debug|Any CPU.ActiveCfg = Debug|Any CPU
		{28883A2D-0C65-4FD1-9D0C-1EBCB93D590F}.Debug|Any CPU.Build.0 = Debug|Any CPU
		{28883A2D-0C65-4FD1-9D0C-1EBCB93D590F}.Release|Any CPU.ActiveCfg = Release|Any CPU
		{28883A2D-0C65-4FD1-9D0C-1EBCB93D590F}.Release|Any CPU.Build.0 = Release|Any CPU
		{C0BD2B03-E178-4993-8EB6-0EC30478A009}.Debug|Any CPU.ActiveCfg = Debug|Any CPU
		{C0BD2B03-E178-4993-8EB6-0EC30478A009}.Debug|Any CPU.Build.0 = Debug|Any CPU
		{C0BD2B03-E178-4993-8EB6-0EC30478A009}.Release|Any CPU.ActiveCfg = Release|Any CPU
		{C0BD2B03-E178-4993-8EB6-0EC30478A009}.Release|Any CPU.Build.0 = Release|Any CPU
		{6ACFCC3B-744A-4F83-BE4E-1D3D644EC0B6}.Debug|Any CPU.ActiveCfg = Debug|Any CPU
		{6ACFCC3B-744A-4F83-BE4E-1D3D644EC0B6}.Debug|Any CPU.Build.0 = Debug|Any CPU
		{6ACFCC3B-744A-4F83-BE4E-1D3D644EC0B6}.Release|Any CPU.ActiveCfg = Release|Any CPU
		{6ACFCC3B-744A-4F83-BE4E-1D3D644EC0B6}.Release|Any CPU.Build.0 = Release|Any CPU
		{5FC64A9E-E0ED-4B7D-95CA-E7518482F85F}.Debug|Any CPU.ActiveCfg = Debug|Any CPU
		{5FC64A9E-E0ED-4B7D-95CA-E7518482F85F}.Debug|Any CPU.Build.0 = Debug|Any CPU
		{5FC64A9E-E0ED-4B7D-95CA-E7518482F85F}.Release|Any CPU.ActiveCfg = Release|Any CPU
		{5FC64A9E-E0ED-4B7D-95CA-E7518482F85F}.Release|Any CPU.Build.0 = Release|Any CPU
		{8084E2F0-294F-4B46-89E6-BCAB4C9EA8E9}.Debug|Any CPU.ActiveCfg = Debug|Any CPU
		{8084E2F0-294F-4B46-89E6-BCAB4C9EA8E9}.Debug|Any CPU.Build.0 = Debug|Any CPU
		{8084E2F0-294F-4B46-89E6-BCAB4C9EA8E9}.Release|Any CPU.ActiveCfg = Release|Any CPU
		{8084E2F0-294F-4B46-89E6-BCAB4C9EA8E9}.Release|Any CPU.Build.0 = Release|Any CPU
		{500DA8AD-5B27-4503-BBB6-1B72A45F2E69}.Debug|Any CPU.ActiveCfg = Debug|Any CPU
		{500DA8AD-5B27-4503-BBB6-1B72A45F2E69}.Debug|Any CPU.Build.0 = Debug|Any CPU
		{500DA8AD-5B27-4503-BBB6-1B72A45F2E69}.Release|Any CPU.ActiveCfg = Release|Any CPU
		{500DA8AD-5B27-4503-BBB6-1B72A45F2E69}.Release|Any CPU.Build.0 = Release|Any CPU
		{3E77772D-99A1-44EB-A26B-D019AD728FA4}.Debug|Any CPU.ActiveCfg = Debug|Any CPU
		{3E77772D-99A1-44EB-A26B-D019AD728FA4}.Debug|Any CPU.Build.0 = Debug|Any CPU
		{3E77772D-99A1-44EB-A26B-D019AD728FA4}.Release|Any CPU.ActiveCfg = Release|Any CPU
		{3E77772D-99A1-44EB-A26B-D019AD728FA4}.Release|Any CPU.Build.0 = Release|Any CPU
		{C7AFE634-A7B2-4A07-BDB3-EBBF575BC0B5}.Debug|Any CPU.ActiveCfg = Debug|Any CPU
		{C7AFE634-A7B2-4A07-BDB3-EBBF575BC0B5}.Debug|Any CPU.Build.0 = Debug|Any CPU
		{C7AFE634-A7B2-4A07-BDB3-EBBF575BC0B5}.Release|Any CPU.ActiveCfg = Release|Any CPU
		{C7AFE634-A7B2-4A07-BDB3-EBBF575BC0B5}.Release|Any CPU.Build.0 = Release|Any CPU
		{770AB511-9868-4FE0-BE99-2F16A97AE77B}.Debug|Any CPU.ActiveCfg = Debug|Any CPU
		{770AB511-9868-4FE0-BE99-2F16A97AE77B}.Debug|Any CPU.Build.0 = Debug|Any CPU
		{770AB511-9868-4FE0-BE99-2F16A97AE77B}.Release|Any CPU.ActiveCfg = Release|Any CPU
		{770AB511-9868-4FE0-BE99-2F16A97AE77B}.Release|Any CPU.Build.0 = Release|Any CPU
		{0530AC64-7615-453D-B93F-E38A1C395AC5}.Debug|Any CPU.ActiveCfg = Debug|Any CPU
		{0530AC64-7615-453D-B93F-E38A1C395AC5}.Debug|Any CPU.Build.0 = Debug|Any CPU
		{0530AC64-7615-453D-B93F-E38A1C395AC5}.Release|Any CPU.ActiveCfg = Release|Any CPU
		{0530AC64-7615-453D-B93F-E38A1C395AC5}.Release|Any CPU.Build.0 = Release|Any CPU
		{C2295E5A-0E30-4078-85D7-BF4324259C42}.Debug|Any CPU.ActiveCfg = Debug|Any CPU
		{C2295E5A-0E30-4078-85D7-BF4324259C42}.Debug|Any CPU.Build.0 = Debug|Any CPU
		{C2295E5A-0E30-4078-85D7-BF4324259C42}.Release|Any CPU.ActiveCfg = Release|Any CPU
		{C2295E5A-0E30-4078-85D7-BF4324259C42}.Release|Any CPU.Build.0 = Release|Any CPU
		{833BD27B-6308-4E76-B6D7-61B5060D5246}.Debug|Any CPU.ActiveCfg = Debug|Any CPU
		{833BD27B-6308-4E76-B6D7-61B5060D5246}.Debug|Any CPU.Build.0 = Debug|Any CPU
		{833BD27B-6308-4E76-B6D7-61B5060D5246}.Release|Any CPU.ActiveCfg = Release|Any CPU
		{833BD27B-6308-4E76-B6D7-61B5060D5246}.Release|Any CPU.Build.0 = Release|Any CPU
		{2A641A70-3FEA-47D0-8485-FBD8A9B6860A}.Debug|Any CPU.ActiveCfg = Debug|Any CPU
		{2A641A70-3FEA-47D0-8485-FBD8A9B6860A}.Debug|Any CPU.Build.0 = Debug|Any CPU
		{2A641A70-3FEA-47D0-8485-FBD8A9B6860A}.Release|Any CPU.ActiveCfg = Release|Any CPU
		{2A641A70-3FEA-47D0-8485-FBD8A9B6860A}.Release|Any CPU.Build.0 = Release|Any CPU
		{859563DF-9885-4D0F-BBD7-E681CEBBB32A}.Debug|Any CPU.ActiveCfg = Debug|Any CPU
		{859563DF-9885-4D0F-BBD7-E681CEBBB32A}.Debug|Any CPU.Build.0 = Debug|Any CPU
		{859563DF-9885-4D0F-BBD7-E681CEBBB32A}.Release|Any CPU.ActiveCfg = Release|Any CPU
		{859563DF-9885-4D0F-BBD7-E681CEBBB32A}.Release|Any CPU.Build.0 = Release|Any CPU
		{AAC5D5D9-48E1-43C7-BFB6-EECB89F6C765}.Debug|Any CPU.ActiveCfg = Debug|Any CPU
		{AAC5D5D9-48E1-43C7-BFB6-EECB89F6C765}.Debug|Any CPU.Build.0 = Debug|Any CPU
		{AAC5D5D9-48E1-43C7-BFB6-EECB89F6C765}.Release|Any CPU.ActiveCfg = Release|Any CPU
		{AAC5D5D9-48E1-43C7-BFB6-EECB89F6C765}.Release|Any CPU.Build.0 = Release|Any CPU
		{FAED0C5E-D49C-45F3-968A-16D903192178}.Debug|Any CPU.ActiveCfg = Debug|Any CPU
		{FAED0C5E-D49C-45F3-968A-16D903192178}.Debug|Any CPU.Build.0 = Debug|Any CPU
		{FAED0C5E-D49C-45F3-968A-16D903192178}.Release|Any CPU.ActiveCfg = Release|Any CPU
		{FAED0C5E-D49C-45F3-968A-16D903192178}.Release|Any CPU.Build.0 = Release|Any CPU
		{DCB3B5C8-32EC-46AF-841D-44666D212B09}.Debug|Any CPU.ActiveCfg = Debug|Any CPU
		{DCB3B5C8-32EC-46AF-841D-44666D212B09}.Debug|Any CPU.Build.0 = Debug|Any CPU
		{DCB3B5C8-32EC-46AF-841D-44666D212B09}.Release|Any CPU.ActiveCfg = Release|Any CPU
		{DCB3B5C8-32EC-46AF-841D-44666D212B09}.Release|Any CPU.Build.0 = Release|Any CPU
		{55FE0851-752A-45D2-AB47-C903FA91F92B}.Debug|Any CPU.ActiveCfg = Debug|Any CPU
		{55FE0851-752A-45D2-AB47-C903FA91F92B}.Debug|Any CPU.Build.0 = Debug|Any CPU
		{55FE0851-752A-45D2-AB47-C903FA91F92B}.Release|Any CPU.ActiveCfg = Release|Any CPU
		{55FE0851-752A-45D2-AB47-C903FA91F92B}.Release|Any CPU.Build.0 = Release|Any CPU
		{E4E22FFB-F998-4072-B01D-25DB33334BE6}.Debug|Any CPU.ActiveCfg = Debug|Any CPU
		{E4E22FFB-F998-4072-B01D-25DB33334BE6}.Debug|Any CPU.Build.0 = Debug|Any CPU
		{E4E22FFB-F998-4072-B01D-25DB33334BE6}.Release|Any CPU.ActiveCfg = Release|Any CPU
		{E4E22FFB-F998-4072-B01D-25DB33334BE6}.Release|Any CPU.Build.0 = Release|Any CPU
		{B1498F16-4F6A-4568-B2C4-0FC16459B299}.Debug|Any CPU.ActiveCfg = Debug|Any CPU
		{B1498F16-4F6A-4568-B2C4-0FC16459B299}.Debug|Any CPU.Build.0 = Debug|Any CPU
		{B1498F16-4F6A-4568-B2C4-0FC16459B299}.Release|Any CPU.ActiveCfg = Release|Any CPU
		{B1498F16-4F6A-4568-B2C4-0FC16459B299}.Release|Any CPU.Build.0 = Release|Any CPU
		{F471311C-9BE7-4B8D-8202-4F8275CD3D89}.Debug|Any CPU.ActiveCfg = Debug|Any CPU
		{F471311C-9BE7-4B8D-8202-4F8275CD3D89}.Debug|Any CPU.Build.0 = Debug|Any CPU
		{F471311C-9BE7-4B8D-8202-4F8275CD3D89}.Release|Any CPU.ActiveCfg = Release|Any CPU
		{F471311C-9BE7-4B8D-8202-4F8275CD3D89}.Release|Any CPU.Build.0 = Release|Any CPU
		{68566356-7BC4-4CF2-988F-DCAF45E8EA25}.Debug|Any CPU.ActiveCfg = Debug|Any CPU
		{68566356-7BC4-4CF2-988F-DCAF45E8EA25}.Debug|Any CPU.Build.0 = Debug|Any CPU
		{68566356-7BC4-4CF2-988F-DCAF45E8EA25}.Release|Any CPU.ActiveCfg = Release|Any CPU
		{68566356-7BC4-4CF2-988F-DCAF45E8EA25}.Release|Any CPU.Build.0 = Release|Any CPU
		{39C9C773-91CB-40B4-AA35-98876E16A157}.Debug|Any CPU.ActiveCfg = Debug|Any CPU
		{39C9C773-91CB-40B4-AA35-98876E16A157}.Debug|Any CPU.Build.0 = Debug|Any CPU
		{39C9C773-91CB-40B4-AA35-98876E16A157}.Release|Any CPU.ActiveCfg = Release|Any CPU
		{39C9C773-91CB-40B4-AA35-98876E16A157}.Release|Any CPU.Build.0 = Release|Any CPU
		{4CAAC81F-9B2E-4466-9432-0A624418BC82}.Debug|Any CPU.ActiveCfg = Debug|Any CPU
		{4CAAC81F-9B2E-4466-9432-0A624418BC82}.Debug|Any CPU.Build.0 = Debug|Any CPU
		{4CAAC81F-9B2E-4466-9432-0A624418BC82}.Release|Any CPU.ActiveCfg = Release|Any CPU
		{4CAAC81F-9B2E-4466-9432-0A624418BC82}.Release|Any CPU.Build.0 = Release|Any CPU
	EndGlobalSection
	GlobalSection(SolutionProperties) = preSolution
		HideSolutionNode = FALSE
	EndGlobalSection
	GlobalSection(ExtensibilityGlobals) = postSolution
		SolutionGuid = {C1B872C6-2F28-481E-B729-1C097143836D}
	EndGlobalSection
EndGlobal
