
Microsoft Visual Studio Solution File, Format Version 12.00
# Visual Studio Version 16
VisualStudioVersion = 16.0.31729.503
MinimumVisualStudioVersion = 10.0.40219.1
Project("{FAE04EC0-301F-11D3-BF4B-00C04F79EFBC}") = "ConsoleApp1", "ConsoleApp1.csproj", "{838C6113-68E8-4D3C-996A-4BA2CF7D35E8}"
EndProject
Project("{FAE04EC0-301F-11D3-BF4B-00C04F79EFBC}") = "Vuelos", "..\Vuelos\Vuelos.csproj", "{AA4C5662-5081-4ADF-9D7F-7C8E46EB1666}"
EndProject
Global
	GlobalSection(SolutionConfigurationPlatforms) = preSolution
		Debug|Any CPU = Debug|Any CPU
		Release|Any CPU = Release|Any CPU
	EndGlobalSection
	GlobalSection(ProjectConfigurationPlatforms) = postSolution
		{838C6113-68E8-4D3C-996A-4BA2CF7D35E8}.Debug|Any CPU.ActiveCfg = Debug|Any CPU
		{838C6113-68E8-4D3C-996A-4BA2CF7D35E8}.Debug|Any CPU.Build.0 = Debug|Any CPU
		{838C6113-68E8-4D3C-996A-4BA2CF7D35E8}.Release|Any CPU.ActiveCfg = Release|Any CPU
		{838C6113-68E8-4D3C-996A-4BA2CF7D35E8}.Release|Any CPU.Build.0 = Release|Any CPU
		{AA4C5662-5081-4ADF-9D7F-7C8E46EB1666}.Debug|Any CPU.ActiveCfg = Debug|Any CPU
		{AA4C5662-5081-4ADF-9D7F-7C8E46EB1666}.Debug|Any CPU.Build.0 = Debug|Any CPU
		{AA4C5662-5081-4ADF-9D7F-7C8E46EB1666}.Release|Any CPU.ActiveCfg = Release|Any CPU
		{AA4C5662-5081-4ADF-9D7F-7C8E46EB1666}.Release|Any CPU.Build.0 = Release|Any CPU
	EndGlobalSection
	GlobalSection(SolutionProperties) = preSolution
		HideSolutionNode = FALSE
	EndGlobalSection
	GlobalSection(ExtensibilityGlobals) = postSolution
		SolutionGuid = {496511CC-9DD6-4823-9137-DA9E71090C5A}
	EndGlobalSection
EndGlobal
