
Microsoft Visual Studio Solution File, Format Version 12.00
# Visual Studio Version 16
VisualStudioVersion = 16.0.31729.503
MinimumVisualStudioVersion = 10.0.40219.1
Project("{FAE04EC0-301F-11D3-BF4B-00C04F79EFBC}") = "CondicionalEdd", "CondicionalEdd.csproj", "{7A50D173-00E9-4FFC-AED9-CF64CB086131}"
EndProject
Global
	GlobalSection(SolutionConfigurationPlatforms) = preSolution
		Debug|Any CPU = Debug|Any CPU
		Release|Any CPU = Release|Any CPU
	EndGlobalSection
	GlobalSection(ProjectConfigurationPlatforms) = postSolution
		{7A50D173-00E9-4FFC-AED9-CF64CB086131}.Debug|Any CPU.ActiveCfg = Debug|Any CPU
		{7A50D173-00E9-4FFC-AED9-CF64CB086131}.Debug|Any CPU.Build.0 = Debug|Any CPU
		{7A50D173-00E9-4FFC-AED9-CF64CB086131}.Release|Any CPU.ActiveCfg = Release|Any CPU
		{7A50D173-00E9-4FFC-AED9-CF64CB086131}.Release|Any CPU.Build.0 = Release|Any CPU
	EndGlobalSection
	GlobalSection(SolutionProperties) = preSolution
		HideSolutionNode = FALSE
	EndGlobalSection
	GlobalSection(ExtensibilityGlobals) = postSolution
		SolutionGuid = {779E99FE-2354-4ACF-8CB0-F0BAE29FAA23}
	EndGlobalSection
EndGlobal
