
Microsoft Visual Studio Solution File, Format Version 12.00
# Visual Studio Version 16
VisualStudioVersion = 16.0.31729.503
MinimumVisualStudioVersion = 10.0.40219.1
Project("{FAE04EC0-301F-11D3-BF4B-00C04F79EFBC}") = "MetodosDemo", "MetodosDemo.csproj", "{231715A1-B08E-4980-B1D1-B4773D7FDD92}"
EndProject
Global
	GlobalSection(SolutionConfigurationPlatforms) = preSolution
		Debug|Any CPU = Debug|Any CPU
		Release|Any CPU = Release|Any CPU
	EndGlobalSection
	GlobalSection(ProjectConfigurationPlatforms) = postSolution
		{231715A1-B08E-4980-B1D1-B4773D7FDD92}.Debug|Any CPU.ActiveCfg = Debug|Any CPU
		{231715A1-B08E-4980-B1D1-B4773D7FDD92}.Debug|Any CPU.Build.0 = Debug|Any CPU
		{231715A1-B08E-4980-B1D1-B4773D7FDD92}.Release|Any CPU.ActiveCfg = Release|Any CPU
		{231715A1-B08E-4980-B1D1-B4773D7FDD92}.Release|Any CPU.Build.0 = Release|Any CPU
	EndGlobalSection
	GlobalSection(SolutionProperties) = preSolution
		HideSolutionNode = FALSE
	EndGlobalSection
	GlobalSection(ExtensibilityGlobals) = postSolution
		SolutionGuid = {178F7192-EE64-4C40-865A-971BADD6D395}
	EndGlobalSection
EndGlobal
