
Microsoft Visual Studio Solution File, Format Version 12.00
# Visual Studio Version 16
VisualStudioVersion = 16.0.31729.503
MinimumVisualStudioVersion = 10.0.40219.1
Project("{FAE04EC0-301F-11D3-BF4B-00C04F79EFBC}") = "ConsoleApp2", "ConsoleApp2.csproj", "{94C89153-2CAE-4BF3-A5AD-2327AF7B1E96}"
EndProject
Global
	GlobalSection(SolutionConfigurationPlatforms) = preSolution
		Debug|Any CPU = Debug|Any CPU
		Release|Any CPU = Release|Any CPU
	EndGlobalSection
	GlobalSection(ProjectConfigurationPlatforms) = postSolution
		{94C89153-2CAE-4BF3-A5AD-2327AF7B1E96}.Debug|Any CPU.ActiveCfg = Debug|Any CPU
		{94C89153-2CAE-4BF3-A5AD-2327AF7B1E96}.Debug|Any CPU.Build.0 = Debug|Any CPU
		{94C89153-2CAE-4BF3-A5AD-2327AF7B1E96}.Release|Any CPU.ActiveCfg = Release|Any CPU
		{94C89153-2CAE-4BF3-A5AD-2327AF7B1E96}.Release|Any CPU.Build.0 = Release|Any CPU
	EndGlobalSection
	GlobalSection(SolutionProperties) = preSolution
		HideSolutionNode = FALSE
	EndGlobalSection
	GlobalSection(ExtensibilityGlobals) = postSolution
		SolutionGuid = {F68D0FD5-5F0D-4AF5-AD18-3E11FC037006}
	EndGlobalSection
EndGlobal
