
Microsoft Visual Studio Solution File, Format Version 12.00
# Visual Studio Version 16
VisualStudioVersion = 16.0.31729.503
MinimumVisualStudioVersion = 10.0.40219.1
Project("{FAE04EC0-301F-11D3-BF4B-00C04F79EFBC}") = "PracticaNulosEdd", "PracticaNulosEdd.csproj", "{ACE94FA6-31DB-41BF-9E0A-1CAC316CF1FB}"
EndProject
Global
	GlobalSection(SolutionConfigurationPlatforms) = preSolution
		Debug|Any CPU = Debug|Any CPU
		Release|Any CPU = Release|Any CPU
	EndGlobalSection
	GlobalSection(ProjectConfigurationPlatforms) = postSolution
		{ACE94FA6-31DB-41BF-9E0A-1CAC316CF1FB}.Debug|Any CPU.ActiveCfg = Debug|Any CPU
		{ACE94FA6-31DB-41BF-9E0A-1CAC316CF1FB}.Debug|Any CPU.Build.0 = Debug|Any CPU
		{ACE94FA6-31DB-41BF-9E0A-1CAC316CF1FB}.Release|Any CPU.ActiveCfg = Release|Any CPU
		{ACE94FA6-31DB-41BF-9E0A-1CAC316CF1FB}.Release|Any CPU.Build.0 = Release|Any CPU
	EndGlobalSection
	GlobalSection(SolutionProperties) = preSolution
		HideSolutionNode = FALSE
	EndGlobalSection
	GlobalSection(ExtensibilityGlobals) = postSolution
		SolutionGuid = {696D153E-5D3C-4D85-B9A3-C9575A33C067}
	EndGlobalSection
EndGlobal
